
Microsoft Visual Studio Solution File, Format Version 11.00
# Visual Studio 2010
Project("{FAE04EC0-301F-11D3-BF4B-00C04F79EFBC}") = "TASK B - Copy (2)", "Assembly-CSharp.csproj", "{FEB19CFC-6DF1-D371-ADEF-125B45FF8F83}"
EndProject
Global
	GlobalSection(SolutionConfigurationPlatforms) = preSolution
		Debug|Any CPU = Debug|Any CPU
		Release|Any CPU = Release|Any CPU
	EndGlobalSection
	GlobalSection(ProjectConfigurationPlatforms) = postSolution
		{FEB19CFC-6DF1-D371-ADEF-125B45FF8F83}.Debug|Any CPU.ActiveCfg = Debug|Any CPU
		{FEB19CFC-6DF1-D371-ADEF-125B45FF8F83}.Debug|Any CPU.Build.0 = Debug|Any CPU
		{FEB19CFC-6DF1-D371-ADEF-125B45FF8F83}.Release|Any CPU.ActiveCfg = Release|Any CPU
		{FEB19CFC-6DF1-D371-ADEF-125B45FF8F83}.Release|Any CPU.Build.0 = Release|Any CPU
	EndGlobalSection
	GlobalSection(SolutionProperties) = preSolution
		HideSolutionNode = FALSE
	EndGlobalSection
	GlobalSection(MonoDevelopProperties) = preSolution
		StartupItem = Assembly-CSharp.csproj
	EndGlobalSection
EndGlobal
